
Microsoft Visual Studio Solution File, Format Version 12.00
# Visual Studio Version 17
VisualStudioVersion = 17.11.35327.3
MinimumVisualStudioVersion = 10.0.40219.1
Project("{FAE04EC0-301F-11D3-BF4B-00C04F79EFBC}") = "ComaBackend", "ComaBackend\ComaBackend.csproj", "{C4BA8782-9391-40C3-9C1E-5D349C010AFD}"
EndProject
Global
	GlobalSection(SolutionConfigurationPlatforms) = preSolution
		Debug|Any CPU = Debug|Any CPU
		Release|Any CPU = Release|Any CPU
	EndGlobalSection
	GlobalSection(ProjectConfigurationPlatforms) = postSolution
		{C4BA8782-9391-40C3-9C1E-5D349C010AFD}.Debug|Any CPU.ActiveCfg = Debug|Any CPU
		{C4BA8782-9391-40C3-9C1E-5D349C010AFD}.Debug|Any CPU.Build.0 = Debug|Any CPU
		{C4BA8782-9391-40C3-9C1E-5D349C010AFD}.Release|Any CPU.ActiveCfg = Release|Any CPU
		{C4BA8782-9391-40C3-9C1E-5D349C010AFD}.Release|Any CPU.Build.0 = Release|Any CPU
	EndGlobalSection
	GlobalSection(SolutionProperties) = preSolution
		HideSolutionNode = FALSE
	EndGlobalSection
	GlobalSection(ExtensibilityGlobals) = postSolution
		SolutionGuid = {274BC2CE-EEFF-47A5-8480-53249DBFDC6F}
	EndGlobalSection
EndGlobal
